
Microsoft Visual Studio Solution File, Format Version 12.00
# Visual Studio Version 16
VisualStudioVersion = 16.0.29215.179
MinimumVisualStudioVersion = 10.0.40219.1
Project("{FAE04EC0-301F-11D3-BF4B-00C04F79EFBC}") = "JWTTokenLogin", "JWTTokenLogin\JWTTokenLogin.csproj", "{C83B698E-C422-4834-9ACB-0AC2C3FDB810}"
EndProject
Global
	GlobalSection(SolutionConfigurationPlatforms) = preSolution
		Debug|Any CPU = Debug|Any CPU
		Release|Any CPU = Release|Any CPU
	EndGlobalSection
	GlobalSection(ProjectConfigurationPlatforms) = postSolution
		{C83B698E-C422-4834-9ACB-0AC2C3FDB810}.Debug|Any CPU.ActiveCfg = Debug|Any CPU
		{C83B698E-C422-4834-9ACB-0AC2C3FDB810}.Debug|Any CPU.Build.0 = Debug|Any CPU
		{C83B698E-C422-4834-9ACB-0AC2C3FDB810}.Release|Any CPU.ActiveCfg = Release|Any CPU
		{C83B698E-C422-4834-9ACB-0AC2C3FDB810}.Release|Any CPU.Build.0 = Release|Any CPU
	EndGlobalSection
	GlobalSection(SolutionProperties) = preSolution
		HideSolutionNode = FALSE
	EndGlobalSection
	GlobalSection(ExtensibilityGlobals) = postSolution
		SolutionGuid = {2FF58684-4B83-4E2D-B65A-11C076948BD2}
	EndGlobalSection
EndGlobal
